
Microsoft Visual Studio Solution File, Format Version 12.00
# Visual Studio Version 16
VisualStudioVersion = 16.0.30011.22
MinimumVisualStudioVersion = 10.0.40219.1
Project("{FAE04EC0-301F-11D3-BF4B-00C04F79EFBC}") = "Onkyo", "Onkyo\Onkyo.csproj", "{C3454CB7-E072-4CCC-8833-0986CBABC1CA}"
EndProject
Global
	GlobalSection(SolutionConfigurationPlatforms) = preSolution
		Debug|Any CPU = Debug|Any CPU
		Release|Any CPU = Release|Any CPU
	EndGlobalSection
	GlobalSection(ProjectConfigurationPlatforms) = postSolution
		{C3454CB7-E072-4CCC-8833-0986CBABC1CA}.Debug|Any CPU.ActiveCfg = Debug|Any CPU
		{C3454CB7-E072-4CCC-8833-0986CBABC1CA}.Debug|Any CPU.Build.0 = Debug|Any CPU
		{C3454CB7-E072-4CCC-8833-0986CBABC1CA}.Release|Any CPU.ActiveCfg = Release|Any CPU
		{C3454CB7-E072-4CCC-8833-0986CBABC1CA}.Release|Any CPU.Build.0 = Release|Any CPU
	EndGlobalSection
	GlobalSection(SolutionProperties) = preSolution
		HideSolutionNode = FALSE
	EndGlobalSection
	GlobalSection(ExtensibilityGlobals) = postSolution
		SolutionGuid = {DB74A5B9-20E5-4BCD-AC5F-C6D31D047D95}
	EndGlobalSection
EndGlobal
